// !$*UTF8*$!
{
	archiveVersion = 1;
	classes = {
	};
	objectVersion = 50;
	objects = {

/* Begin PBXBuildFile section */
		11987DE611839F0F4DE0FECB /* Pods_ECommerceApp.framework in Frameworks */ = {isa = PBXBuildFile; fileRef = 04D8669E98167E4CCE75FDDD /* Pods_ECommerceApp.framework */; };
		759D4F41B63D20E56028451C /* Pods_ECommerceAppAdmin.framework in Frameworks */ = {isa = PBXBuildFile; fileRef = 151C3555F34C6B6F654CC807 /* Pods_ECommerceAppAdmin.framework */; };
		D13315C4234ADA8600869F8F /* AppDelegate.swift in Sources */ = {isa = PBXBuildFile; fileRef = D13315C3234ADA8600869F8F /* AppDelegate.swift */; };
		D13315C6234ADA8600869F8F /* HomeVC.swift in Sources */ = {isa = PBXBuildFile; fileRef = D13315C5234ADA8600869F8F /* HomeVC.swift */; };
		D13315C9234ADA8600869F8F /* Main.storyboard in Resources */ = {isa = PBXBuildFile; fileRef = D13315C7234ADA8600869F8F /* Main.storyboard */; };
		D13315CB234ADA8800869F8F /* Assets.xcassets in Resources */ = {isa = PBXBuildFile; fileRef = D13315CA234ADA8800869F8F /* Assets.xcassets */; };
		D13315CE234ADA8800869F8F /* LaunchScreen.storyboard in Resources */ = {isa = PBXBuildFile; fileRef = D13315CC234ADA8800869F8F /* LaunchScreen.storyboard */; };
		D13315DC234ADAC500869F8F /* AppDelegate.swift in Sources */ = {isa = PBXBuildFile; fileRef = D13315DB234ADAC500869F8F /* AppDelegate.swift */; };
		D13315DE234ADAC500869F8F /* AdminHomeVC.swift in Sources */ = {isa = PBXBuildFile; fileRef = D13315DD234ADAC500869F8F /* AdminHomeVC.swift */; };
		D13315E1234ADAC500869F8F /* Main.storyboard in Resources */ = {isa = PBXBuildFile; fileRef = D13315DF234ADAC500869F8F /* Main.storyboard */; };
		D13315E6234ADAC600869F8F /* LaunchScreen.storyboard in Resources */ = {isa = PBXBuildFile; fileRef = D13315E4234ADAC600869F8F /* LaunchScreen.storyboard */; };
		D13315EC234ADAE200869F8F /* Assets.xcassets in Resources */ = {isa = PBXBuildFile; fileRef = D13315CA234ADA8800869F8F /* Assets.xcassets */; };
		D13315EE234ADD7E00869F8F /* LoginStoryboard.storyboard in Resources */ = {isa = PBXBuildFile; fileRef = D13315ED234ADD7E00869F8F /* LoginStoryboard.storyboard */; };
		D16594DF234D4B1400086CB2 /* ForgotPasswordVC.swift in Sources */ = {isa = PBXBuildFile; fileRef = D16594DD234D4B1400086CB2 /* ForgotPasswordVC.swift */; };
		D16594E0234D4B1400086CB2 /* ForgotPasswordVC.xib in Resources */ = {isa = PBXBuildFile; fileRef = D16594DE234D4B1400086CB2 /* ForgotPasswordVC.xib */; };
		D16594E2234D5ABE00086CB2 /* Firebase+Utils.swift in Sources */ = {isa = PBXBuildFile; fileRef = D16594E1234D5ABE00086CB2 /* Firebase+Utils.swift */; };
		D16594E3234D5BF000086CB2 /* Firebase+Utils.swift in Sources */ = {isa = PBXBuildFile; fileRef = D16594E1234D5ABE00086CB2 /* Firebase+Utils.swift */; };
		D16594E5234D68CD00086CB2 /* Category.swift in Sources */ = {isa = PBXBuildFile; fileRef = D16594E4234D68CD00086CB2 /* Category.swift */; };
		D16594E6234D68CD00086CB2 /* Category.swift in Sources */ = {isa = PBXBuildFile; fileRef = D16594E4234D68CD00086CB2 /* Category.swift */; };
		D16594E9234D698400086CB2 /* CategoryCell.swift in Sources */ = {isa = PBXBuildFile; fileRef = D16594E7234D698400086CB2 /* CategoryCell.swift */; };
		D16594EA234D698400086CB2 /* CategoryCell.swift in Sources */ = {isa = PBXBuildFile; fileRef = D16594E7234D698400086CB2 /* CategoryCell.swift */; };
		D16594EB234D698400086CB2 /* CategoryCell.xib in Resources */ = {isa = PBXBuildFile; fileRef = D16594E8234D698400086CB2 /* CategoryCell.xib */; };
		D16594EC234D698400086CB2 /* CategoryCell.xib in Resources */ = {isa = PBXBuildFile; fileRef = D16594E8234D698400086CB2 /* CategoryCell.xib */; };
		D17CCD1E234EB30D00E19BF7 /* HomeVC.swift in Sources */ = {isa = PBXBuildFile; fileRef = D13315C5234ADA8600869F8F /* HomeVC.swift */; };
		D17CCD1F234EB41300E19BF7 /* Constants.swift in Sources */ = {isa = PBXBuildFile; fileRef = D1ABCC42234B27F80017A6E7 /* Constants.swift */; };
		D17CCD20234EB41C00E19BF7 /* Extensions.swift in Sources */ = {isa = PBXBuildFile; fileRef = D1ABCC40234B207F0017A6E7 /* Extensions.swift */; };
		D17CCD21234EB43400E19BF7 /* ProductDetailVC.swift in Sources */ = {isa = PBXBuildFile; fileRef = D1BE2573234E1D8000539728 /* ProductDetailVC.swift */; };
		D17CCD22234EB43400E19BF7 /* ProductDetailVC.xib in Resources */ = {isa = PBXBuildFile; fileRef = D1BE2574234E1D8000539728 /* ProductDetailVC.xib */; };
		D17CCD23234EB47E00E19BF7 /* RoundedViews.swift in Sources */ = {isa = PBXBuildFile; fileRef = D1ABCC45234B2C630017A6E7 /* RoundedViews.swift */; };
		D17CCD25234EB6B500E19BF7 /* AddEditCategoryVC.swift in Sources */ = {isa = PBXBuildFile; fileRef = D17CCD24234EB6B500E19BF7 /* AddEditCategoryVC.swift */; };
		D1ABCC34234B11DC0017A6E7 /* GoogleService-Info.plist in Resources */ = {isa = PBXBuildFile; fileRef = D1ABCC33234B11DC0017A6E7 /* GoogleService-Info.plist */; };
		D1ABCC36234B14560017A6E7 /* GoogleService-Info.plist in Resources */ = {isa = PBXBuildFile; fileRef = D1ABCC35234B14560017A6E7 /* GoogleService-Info.plist */; };
		D1ABCC3C234B1A350017A6E7 /* LoginVC.swift in Sources */ = {isa = PBXBuildFile; fileRef = D1ABCC3B234B1A350017A6E7 /* LoginVC.swift */; };
		D1ABCC3E234B1A4D0017A6E7 /* RegisterVC.swift in Sources */ = {isa = PBXBuildFile; fileRef = D1ABCC3D234B1A4D0017A6E7 /* RegisterVC.swift */; };
		D1ABCC41234B207F0017A6E7 /* Extensions.swift in Sources */ = {isa = PBXBuildFile; fileRef = D1ABCC40234B207F0017A6E7 /* Extensions.swift */; };
		D1ABCC43234B27F80017A6E7 /* Constants.swift in Sources */ = {isa = PBXBuildFile; fileRef = D1ABCC42234B27F80017A6E7 /* Constants.swift */; };
		D1ABCC46234B2C630017A6E7 /* RoundedViews.swift in Sources */ = {isa = PBXBuildFile; fileRef = D1ABCC45234B2C630017A6E7 /* RoundedViews.swift */; };
		D1BE2568234D815400539728 /* ProductsVC.swift in Sources */ = {isa = PBXBuildFile; fileRef = D1BE2567234D815400539728 /* ProductsVC.swift */; };
		D1BE2569234D815E00539728 /* ProductsVC.swift in Sources */ = {isa = PBXBuildFile; fileRef = D1BE2567234D815400539728 /* ProductsVC.swift */; };
		D1BE256B234D81C400539728 /* Product.swift in Sources */ = {isa = PBXBuildFile; fileRef = D1BE256A234D81C400539728 /* Product.swift */; };
		D1BE256C234D81C400539728 /* Product.swift in Sources */ = {isa = PBXBuildFile; fileRef = D1BE256A234D81C400539728 /* Product.swift */; };
		D1BE256F234D82B700539728 /* ProductCell.swift in Sources */ = {isa = PBXBuildFile; fileRef = D1BE256D234D82B700539728 /* ProductCell.swift */; };
		D1BE2570234D82B700539728 /* ProductCell.swift in Sources */ = {isa = PBXBuildFile; fileRef = D1BE256D234D82B700539728 /* ProductCell.swift */; };
		D1BE2571234D82B700539728 /* ProductCell.xib in Resources */ = {isa = PBXBuildFile; fileRef = D1BE256E234D82B700539728 /* ProductCell.xib */; };
		D1BE2572234D82B700539728 /* ProductCell.xib in Resources */ = {isa = PBXBuildFile; fileRef = D1BE256E234D82B700539728 /* ProductCell.xib */; };
		D1BE2575234E1D8000539728 /* ProductDetailVC.swift in Sources */ = {isa = PBXBuildFile; fileRef = D1BE2573234E1D8000539728 /* ProductDetailVC.swift */; };
		D1BE2576234E1D8000539728 /* ProductDetailVC.xib in Resources */ = {isa = PBXBuildFile; fileRef = D1BE2574234E1D8000539728 /* ProductDetailVC.xib */; };
		D1FCDD21234F21E20040C132 /* AdminProductsVC.swift in Sources */ = {isa = PBXBuildFile; fileRef = D1FCDD20234F21E20040C132 /* AdminProductsVC.swift */; };
		D1FCDD23234F25E00040C132 /* AddEditProductsVC.swift in Sources */ = {isa = PBXBuildFile; fileRef = D1FCDD22234F25DF0040C132 /* AddEditProductsVC.swift */; };
/* End PBXBuildFile section */

/* Begin PBXFileReference section */
		04D8669E98167E4CCE75FDDD /* Pods_ECommerceApp.framework */ = {isa = PBXFileReference; explicitFileType = wrapper.framework; includeInIndex = 0; path = Pods_ECommerceApp.framework; sourceTree = BUILT_PRODUCTS_DIR; };
		078C3EC21EBD7DFBBC52EB93 /* Pods-ECommerceApp.release.xcconfig */ = {isa = PBXFileReference; includeInIndex = 1; lastKnownFileType = text.xcconfig; name = "Pods-ECommerceApp.release.xcconfig"; path = "Target Support Files/Pods-ECommerceApp/Pods-ECommerceApp.release.xcconfig"; sourceTree = "<group>"; };
		151C3555F34C6B6F654CC807 /* Pods_ECommerceAppAdmin.framework */ = {isa = PBXFileReference; explicitFileType = wrapper.framework; includeInIndex = 0; path = Pods_ECommerceAppAdmin.framework; sourceTree = BUILT_PRODUCTS_DIR; };
		63E58A56D8D182E1037D728B /* Pods-ECommerceAppAdmin.debug.xcconfig */ = {isa = PBXFileReference; includeInIndex = 1; lastKnownFileType = text.xcconfig; name = "Pods-ECommerceAppAdmin.debug.xcconfig"; path = "Target Support Files/Pods-ECommerceAppAdmin/Pods-ECommerceAppAdmin.debug.xcconfig"; sourceTree = "<group>"; };
		BF61F2093693A8DAAC02FFBA /* Pods-ECommerceAppAdmin.release.xcconfig */ = {isa = PBXFileReference; includeInIndex = 1; lastKnownFileType = text.xcconfig; name = "Pods-ECommerceAppAdmin.release.xcconfig"; path = "Target Support Files/Pods-ECommerceAppAdmin/Pods-ECommerceAppAdmin.release.xcconfig"; sourceTree = "<group>"; };
		C3B943C50DE220F9DBAFA375 /* Pods-ECommerceApp.debug.xcconfig */ = {isa = PBXFileReference; includeInIndex = 1; lastKnownFileType = text.xcconfig; name = "Pods-ECommerceApp.debug.xcconfig"; path = "Target Support Files/Pods-ECommerceApp/Pods-ECommerceApp.debug.xcconfig"; sourceTree = "<group>"; };
		D13315C0234ADA8600869F8F /* ECommerceApp.app */ = {isa = PBXFileReference; explicitFileType = wrapper.application; includeInIndex = 0; path = ECommerceApp.app; sourceTree = BUILT_PRODUCTS_DIR; };
		D13315C3234ADA8600869F8F /* AppDelegate.swift */ = {isa = PBXFileReference; lastKnownFileType = sourcecode.swift; path = AppDelegate.swift; sourceTree = "<group>"; };
		D13315C5234ADA8600869F8F /* HomeVC.swift */ = {isa = PBXFileReference; lastKnownFileType = sourcecode.swift; path = HomeVC.swift; sourceTree = "<group>"; };
		D13315C8234ADA8600869F8F /* Base */ = {isa = PBXFileReference; lastKnownFileType = file.storyboard; name = Base; path = Base.lproj/Main.storyboard; sourceTree = "<group>"; };
		D13315CA234ADA8800869F8F /* Assets.xcassets */ = {isa = PBXFileReference; lastKnownFileType = folder.assetcatalog; path = Assets.xcassets; sourceTree = "<group>"; };
		D13315CD234ADA8800869F8F /* Base */ = {isa = PBXFileReference; lastKnownFileType = file.storyboard; name = Base; path = Base.lproj/LaunchScreen.storyboard; sourceTree = "<group>"; };
		D13315CF234ADA8800869F8F /* Info.plist */ = {isa = PBXFileReference; lastKnownFileType = text.plist.xml; path = Info.plist; sourceTree = "<group>"; };
		D13315D9234ADAC500869F8F /* ECommerceAppAdmin.app */ = {isa = PBXFileReference; explicitFileType = wrapper.application; includeInIndex = 0; path = ECommerceAppAdmin.app; sourceTree = BUILT_PRODUCTS_DIR; };
		D13315DB234ADAC500869F8F /* AppDelegate.swift */ = {isa = PBXFileReference; lastKnownFileType = sourcecode.swift; path = AppDelegate.swift; sourceTree = "<group>"; };
		D13315DD234ADAC500869F8F /* AdminHomeVC.swift */ = {isa = PBXFileReference; lastKnownFileType = sourcecode.swift; path = AdminHomeVC.swift; sourceTree = "<group>"; };
		D13315E0234ADAC500869F8F /* Base */ = {isa = PBXFileReference; lastKnownFileType = file.storyboard; name = Base; path = Base.lproj/Main.storyboard; sourceTree = "<group>"; };
		D13315E5234ADAC600869F8F /* Base */ = {isa = PBXFileReference; lastKnownFileType = file.storyboard; name = Base; path = Base.lproj/LaunchScreen.storyboard; sourceTree = "<group>"; };
		D13315E7234ADAC600869F8F /* Info.plist */ = {isa = PBXFileReference; lastKnownFileType = text.plist.xml; path = Info.plist; sourceTree = "<group>"; };
		D13315ED234ADD7E00869F8F /* LoginStoryboard.storyboard */ = {isa = PBXFileReference; lastKnownFileType = file.storyboard; path = LoginStoryboard.storyboard; sourceTree = "<group>"; };
		D16594DD234D4B1400086CB2 /* ForgotPasswordVC.swift */ = {isa = PBXFileReference; lastKnownFileType = sourcecode.swift; path = ForgotPasswordVC.swift; sourceTree = "<group>"; };
		D16594DE234D4B1400086CB2 /* ForgotPasswordVC.xib */ = {isa = PBXFileReference; lastKnownFileType = file.xib; path = ForgotPasswordVC.xib; sourceTree = "<group>"; };
		D16594E1234D5ABE00086CB2 /* Firebase+Utils.swift */ = {isa = PBXFileReference; lastKnownFileType = sourcecode.swift; path = "Firebase+Utils.swift"; sourceTree = "<group>"; };
		D16594E4234D68CD00086CB2 /* Category.swift */ = {isa = PBXFileReference; lastKnownFileType = sourcecode.swift; path = Category.swift; sourceTree = "<group>"; };
		D16594E7234D698400086CB2 /* CategoryCell.swift */ = {isa = PBXFileReference; lastKnownFileType = sourcecode.swift; path = CategoryCell.swift; sourceTree = "<group>"; };
		D16594E8234D698400086CB2 /* CategoryCell.xib */ = {isa = PBXFileReference; lastKnownFileType = file.xib; path = CategoryCell.xib; sourceTree = "<group>"; };
		D17CCD24234EB6B500E19BF7 /* AddEditCategoryVC.swift */ = {isa = PBXFileReference; lastKnownFileType = sourcecode.swift; path = AddEditCategoryVC.swift; sourceTree = "<group>"; };
		D1ABCC33234B11DC0017A6E7 /* GoogleService-Info.plist */ = {isa = PBXFileReference; fileEncoding = 4; lastKnownFileType = text.plist.xml; path = "GoogleService-Info.plist"; sourceTree = "<group>"; };
		D1ABCC35234B14560017A6E7 /* GoogleService-Info.plist */ = {isa = PBXFileReference; fileEncoding = 4; lastKnownFileType = text.plist.xml; path = "GoogleService-Info.plist"; sourceTree = "<group>"; };
		D1ABCC3B234B1A350017A6E7 /* LoginVC.swift */ = {isa = PBXFileReference; lastKnownFileType = sourcecode.swift; path = LoginVC.swift; sourceTree = "<group>"; };
		D1ABCC3D234B1A4D0017A6E7 /* RegisterVC.swift */ = {isa = PBXFileReference; lastKnownFileType = sourcecode.swift; path = RegisterVC.swift; sourceTree = "<group>"; };
		D1ABCC40234B207F0017A6E7 /* Extensions.swift */ = {isa = PBXFileReference; lastKnownFileType = sourcecode.swift; path = Extensions.swift; sourceTree = "<group>"; };
		D1ABCC42234B27F80017A6E7 /* Constants.swift */ = {isa = PBXFileReference; lastKnownFileType = sourcecode.swift; path = Constants.swift; sourceTree = "<group>"; };
		D1ABCC45234B2C630017A6E7 /* RoundedViews.swift */ = {isa = PBXFileReference; lastKnownFileType = sourcecode.swift; path = RoundedViews.swift; sourceTree = "<group>"; };
		D1BE2567234D815400539728 /* ProductsVC.swift */ = {isa = PBXFileReference; lastKnownFileType = sourcecode.swift; path = ProductsVC.swift; sourceTree = "<group>"; };
		D1BE256A234D81C400539728 /* Product.swift */ = {isa = PBXFileReference; lastKnownFileType = sourcecode.swift; path = Product.swift; sourceTree = "<group>"; };
		D1BE256D234D82B700539728 /* ProductCell.swift */ = {isa = PBXFileReference; lastKnownFileType = sourcecode.swift; path = ProductCell.swift; sourceTree = "<group>"; };
		D1BE256E234D82B700539728 /* ProductCell.xib */ = {isa = PBXFileReference; lastKnownFileType = file.xib; name = ProductCell.xib; path = ../View/ProductCell.xib; sourceTree = "<group>"; };
		D1BE2573234E1D8000539728 /* ProductDetailVC.swift */ = {isa = PBXFileReference; lastKnownFileType = sourcecode.swift; path = ProductDetailVC.swift; sourceTree = "<group>"; };
		D1BE2574234E1D8000539728 /* ProductDetailVC.xib */ = {isa = PBXFileReference; lastKnownFileType = file.xib; path = ProductDetailVC.xib; sourceTree = "<group>"; };
		D1FCDD20234F21E20040C132 /* AdminProductsVC.swift */ = {isa = PBXFileReference; lastKnownFileType = sourcecode.swift; path = AdminProductsVC.swift; sourceTree = "<group>"; };
		D1FCDD22234F25DF0040C132 /* AddEditProductsVC.swift */ = {isa = PBXFileReference; lastKnownFileType = sourcecode.swift; path = AddEditProductsVC.swift; sourceTree = "<group>"; };
/* End PBXFileReference section */

/* Begin PBXFrameworksBuildPhase section */
		D13315BD234ADA8600869F8F /* Frameworks */ = {
			isa = PBXFrameworksBuildPhase;
			buildActionMask = 2147483647;
			files = (
				11987DE611839F0F4DE0FECB /* Pods_ECommerceApp.framework in Frameworks */,
			);
			runOnlyForDeploymentPostprocessing = 0;
		};
		D13315D6234ADAC500869F8F /* Frameworks */ = {
			isa = PBXFrameworksBuildPhase;
			buildActionMask = 2147483647;
			files = (
				759D4F41B63D20E56028451C /* Pods_ECommerceAppAdmin.framework in Frameworks */,
			);
			runOnlyForDeploymentPostprocessing = 0;
		};
/* End PBXFrameworksBuildPhase section */

/* Begin PBXGroup section */
		50E14D9E9C1C7D752BE4D01D /* Pods */ = {
			isa = PBXGroup;
			children = (
				C3B943C50DE220F9DBAFA375 /* Pods-ECommerceApp.debug.xcconfig */,
				078C3EC21EBD7DFBBC52EB93 /* Pods-ECommerceApp.release.xcconfig */,
				63E58A56D8D182E1037D728B /* Pods-ECommerceAppAdmin.debug.xcconfig */,
				BF61F2093693A8DAAC02FFBA /* Pods-ECommerceAppAdmin.release.xcconfig */,
			);
			path = Pods;
			sourceTree = "<group>";
		};
		D13315B7234ADA8600869F8F = {
			isa = PBXGroup;
			children = (
				D13315EB234ADAD400869F8F /* Sheard */,
				D13315C2234ADA8600869F8F /* ECommerceApp */,
				D13315DA234ADAC500869F8F /* ECommerceAppAdmin */,
				D13315C1234ADA8600869F8F /* Products */,
				50E14D9E9C1C7D752BE4D01D /* Pods */,
				DC6851B2B27B72FB58F43A98 /* Frameworks */,
			);
			sourceTree = "<group>";
		};
		D13315C1234ADA8600869F8F /* Products */ = {
			isa = PBXGroup;
			children = (
				D13315C0234ADA8600869F8F /* ECommerceApp.app */,
				D13315D9234ADAC500869F8F /* ECommerceAppAdmin.app */,
			);
			name = Products;
			sourceTree = "<group>";
		};
		D13315C2234ADA8600869F8F /* ECommerceApp */ = {
			isa = PBXGroup;
			children = (
				D16594DC234D4AE500086CB2 /* XIBs */,
				D1ABCC38234B19320017A6E7 /* View */,
				D1ABCC37234B19220017A6E7 /* Controller */,
				D1ABCC3A234B19430017A6E7 /* Storyboards */,
				D1ABCC33234B11DC0017A6E7 /* GoogleService-Info.plist */,
				D13315CF234ADA8800869F8F /* Info.plist */,
			);
			path = ECommerceApp;
			sourceTree = "<group>";
		};
		D13315DA234ADAC500869F8F /* ECommerceAppAdmin */ = {
			isa = PBXGroup;
			children = (
				D17CCD26234EB6C100E19BF7 /* Controller */,
				D13315DF234ADAC500869F8F /* Main.storyboard */,
				D13315E4234ADAC600869F8F /* LaunchScreen.storyboard */,
				D1ABCC35234B14560017A6E7 /* GoogleService-Info.plist */,
				D13315E7234ADAC600869F8F /* Info.plist */,
			);
			path = ECommerceAppAdmin;
			sourceTree = "<group>";
		};
		D13315EB234ADAD400869F8F /* Sheard */ = {
			isa = PBXGroup;
			children = (
				D16594ED234D699900086CB2 /* XIBs */,
				D1ABCC39234B193A0017A6E7 /* Model */,
				D1ABCC44234B2C0D0017A6E7 /* View */,
				D1ABCC3F234B20670017A6E7 /* Utils */,
				D13315CA234ADA8800869F8F /* Assets.xcassets */,
			);
			path = Sheard;
			sourceTree = "<group>";
		};
		D16594DC234D4AE500086CB2 /* XIBs */ = {
			isa = PBXGroup;
			children = (
				D16594DD234D4B1400086CB2 /* ForgotPasswordVC.swift */,
				D16594DE234D4B1400086CB2 /* ForgotPasswordVC.xib */,
				D1BE2573234E1D8000539728 /* ProductDetailVC.swift */,
				D1BE2574234E1D8000539728 /* ProductDetailVC.xib */,
			);
			path = XIBs;
			sourceTree = "<group>";
		};
		D16594ED234D699900086CB2 /* XIBs */ = {
			isa = PBXGroup;
			children = (
				D16594E8234D698400086CB2 /* CategoryCell.xib */,
				D1BE256E234D82B700539728 /* ProductCell.xib */,
			);
			path = XIBs;
			sourceTree = "<group>";
		};
		D17CCD26234EB6C100E19BF7 /* Controller */ = {
			isa = PBXGroup;
			children = (
				D13315DD234ADAC500869F8F /* AdminHomeVC.swift */,
				D1FCDD20234F21E20040C132 /* AdminProductsVC.swift */,
				D17CCD24234EB6B500E19BF7 /* AddEditCategoryVC.swift */,
				D13315DB234ADAC500869F8F /* AppDelegate.swift */,
				D1FCDD22234F25DF0040C132 /* AddEditProductsVC.swift */,
			);
			path = Controller;
			sourceTree = "<group>";
		};
		D1ABCC37234B19220017A6E7 /* Controller */ = {
			isa = PBXGroup;
			children = (
				D1ABCC3B234B1A350017A6E7 /* LoginVC.swift */,
				D1ABCC3D234B1A4D0017A6E7 /* RegisterVC.swift */,
				D13315C5234ADA8600869F8F /* HomeVC.swift */,
				D1BE2567234D815400539728 /* ProductsVC.swift */,
				D13315C3234ADA8600869F8F /* AppDelegate.swift */,
			);
			path = Controller;
			sourceTree = "<group>";
		};
		D1ABCC38234B19320017A6E7 /* View */ = {
			isa = PBXGroup;
			children = (
			);
			path = View;
			sourceTree = "<group>";
		};
		D1ABCC39234B193A0017A6E7 /* Model */ = {
			isa = PBXGroup;
			children = (
				D16594E4234D68CD00086CB2 /* Category.swift */,
				D1BE256A234D81C400539728 /* Product.swift */,
			);
			name = Model;
			path = ../ECommerceApp/Model;
			sourceTree = "<group>";
		};
		D1ABCC3A234B19430017A6E7 /* Storyboards */ = {
			isa = PBXGroup;
			children = (
				D13315ED234ADD7E00869F8F /* LoginStoryboard.storyboard */,
				D13315C7234ADA8600869F8F /* Main.storyboard */,
				D13315CC234ADA8800869F8F /* LaunchScreen.storyboard */,
			);
			path = Storyboards;
			sourceTree = "<group>";
		};
		D1ABCC3F234B20670017A6E7 /* Utils */ = {
			isa = PBXGroup;
			children = (
				D1ABCC40234B207F0017A6E7 /* Extensions.swift */,
				D1ABCC42234B27F80017A6E7 /* Constants.swift */,
				D16594E1234D5ABE00086CB2 /* Firebase+Utils.swift */,
			);
			path = Utils;
			sourceTree = "<group>";
		};
		D1ABCC44234B2C0D0017A6E7 /* View */ = {
			isa = PBXGroup;
			children = (
				D1ABCC45234B2C630017A6E7 /* RoundedViews.swift */,
				D16594E7234D698400086CB2 /* CategoryCell.swift */,
				D1BE256D234D82B700539728 /* ProductCell.swift */,
			);
			path = View;
			sourceTree = "<group>";
		};
		DC6851B2B27B72FB58F43A98 /* Frameworks */ = {
			isa = PBXGroup;
			children = (
				04D8669E98167E4CCE75FDDD /* Pods_ECommerceApp.framework */,
				151C3555F34C6B6F654CC807 /* Pods_ECommerceAppAdmin.framework */,
			);
			name = Frameworks;
			sourceTree = "<group>";
		};
/* End PBXGroup section */

/* Begin PBXNativeTarget section */
		D13315BF234ADA8600869F8F /* ECommerceApp */ = {
			isa = PBXNativeTarget;
			buildConfigurationList = D13315D2234ADA8800869F8F /* Build configuration list for PBXNativeTarget "ECommerceApp" */;
			buildPhases = (
				E7CFFD1CEAA0F197ED9D4E5C /* [CP] Check Pods Manifest.lock */,
				D13315BC234ADA8600869F8F /* Sources */,
				D13315BD234ADA8600869F8F /* Frameworks */,
				D13315BE234ADA8600869F8F /* Resources */,
				ABFD570E808A211C614CEEB8 /* [CP] Embed Pods Frameworks */,
			);
			buildRules = (
			);
			dependencies = (
			);
			name = ECommerceApp;
			productName = ECommerceApp;
			productReference = D13315C0234ADA8600869F8F /* ECommerceApp.app */;
			productType = "com.apple.product-type.application";
		};
		D13315D8234ADAC500869F8F /* ECommerceAppAdmin */ = {
			isa = PBXNativeTarget;
			buildConfigurationList = D13315E8234ADAC600869F8F /* Build configuration list for PBXNativeTarget "ECommerceAppAdmin" */;
			buildPhases = (
				CFC53910554F479ED0864473 /* [CP] Check Pods Manifest.lock */,
				D13315D5234ADAC500869F8F /* Sources */,
				D13315D6234ADAC500869F8F /* Frameworks */,
				D13315D7234ADAC500869F8F /* Resources */,
				AE4C26EA3A8D323D3679364A /* [CP] Embed Pods Frameworks */,
			);
			buildRules = (
			);
			dependencies = (
			);
			name = ECommerceAppAdmin;
			productName = ECommerceAppAdmin;
			productReference = D13315D9234ADAC500869F8F /* ECommerceAppAdmin.app */;
			productType = "com.apple.product-type.application";
		};
/* End PBXNativeTarget section */

/* Begin PBXProject section */
		D13315B8234ADA8600869F8F /* Project object */ = {
			isa = PBXProject;
			attributes = {
				LastSwiftUpdateCheck = 1030;
				LastUpgradeCheck = 1030;
				ORGANIZATIONNAME = YoheiTerashima;
				TargetAttributes = {
					D13315BF234ADA8600869F8F = {
						CreatedOnToolsVersion = 10.3;
					};
					D13315D8234ADAC500869F8F = {
						CreatedOnToolsVersion = 10.3;
					};
				};
			};
			buildConfigurationList = D13315BB234ADA8600869F8F /* Build configuration list for PBXProject "ECommerceApp" */;
			compatibilityVersion = "Xcode 9.3";
			developmentRegion = en;
			hasScannedForEncodings = 0;
			knownRegions = (
				en,
				Base,
			);
			mainGroup = D13315B7234ADA8600869F8F;
			productRefGroup = D13315C1234ADA8600869F8F /* Products */;
			projectDirPath = "";
			projectRoot = "";
			targets = (
				D13315BF234ADA8600869F8F /* ECommerceApp */,
				D13315D8234ADAC500869F8F /* ECommerceAppAdmin */,
			);
		};
/* End PBXProject section */

/* Begin PBXResourcesBuildPhase section */
		D13315BE234ADA8600869F8F /* Resources */ = {
			isa = PBXResourcesBuildPhase;
			buildActionMask = 2147483647;
			files = (
				D13315CE234ADA8800869F8F /* LaunchScreen.storyboard in Resources */,
				D1BE2571234D82B700539728 /* ProductCell.xib in Resources */,
				D16594EB234D698400086CB2 /* CategoryCell.xib in Resources */,
				D13315CB234ADA8800869F8F /* Assets.xcassets in Resources */,
				D1ABCC34234B11DC0017A6E7 /* GoogleService-Info.plist in Resources */,
				D13315C9234ADA8600869F8F /* Main.storyboard in Resources */,
				D1BE2576234E1D8000539728 /* ProductDetailVC.xib in Resources */,
				D16594E0234D4B1400086CB2 /* ForgotPasswordVC.xib in Resources */,
				D13315EE234ADD7E00869F8F /* LoginStoryboard.storyboard in Resources */,
			);
			runOnlyForDeploymentPostprocessing = 0;
		};
		D13315D7234ADAC500869F8F /* Resources */ = {
			isa = PBXResourcesBuildPhase;
			buildActionMask = 2147483647;
			files = (
				D16594EC234D698400086CB2 /* CategoryCell.xib in Resources */,
				D13315E6234ADAC600869F8F /* LaunchScreen.storyboard in Resources */,
				D1ABCC36234B14560017A6E7 /* GoogleService-Info.plist in Resources */,
				D1BE2572234D82B700539728 /* ProductCell.xib in Resources */,
				D13315EC234ADAE200869F8F /* Assets.xcassets in Resources */,
				D13315E1234ADAC500869F8F /* Main.storyboard in Resources */,
				D17CCD22234EB43400E19BF7 /* ProductDetailVC.xib in Resources */,
			);
			runOnlyForDeploymentPostprocessing = 0;
		};
/* End PBXResourcesBuildPhase section */

/* Begin PBXShellScriptBuildPhase section */
		ABFD570E808A211C614CEEB8 /* [CP] Embed Pods Frameworks */ = {
			isa = PBXShellScriptBuildPhase;
			buildActionMask = 2147483647;
			files = (
			);
			inputFileListPaths = (
			);
			inputPaths = (
				"${PODS_ROOT}/Target Support Files/Pods-ECommerceApp/Pods-ECommerceApp-frameworks.sh",
				"${BUILT_PRODUCTS_DIR}/BoringSSL-GRPC/openssl_grpc.framework",
				"${BUILT_PRODUCTS_DIR}/GTMSessionFetcher/GTMSessionFetcher.framework",
				"${BUILT_PRODUCTS_DIR}/GoogleUtilities/GoogleUtilities.framework",
				"${BUILT_PRODUCTS_DIR}/IQKeyboardManagerSwift/IQKeyboardManagerSwift.framework",
				"${BUILT_PRODUCTS_DIR}/Kingfisher/Kingfisher.framework",
				"${BUILT_PRODUCTS_DIR}/Protobuf/protobuf.framework",
				"${BUILT_PRODUCTS_DIR}/gRPC-C++/grpcpp.framework",
				"${BUILT_PRODUCTS_DIR}/gRPC-Core/grpc.framework",
				"${BUILT_PRODUCTS_DIR}/leveldb-library/leveldb.framework",
				"${BUILT_PRODUCTS_DIR}/nanopb/nanopb.framework",
			);
			name = "[CP] Embed Pods Frameworks";
			outputFileListPaths = (
			);
			outputPaths = (
				"${TARGET_BUILD_DIR}/${FRAMEWORKS_FOLDER_PATH}/openssl_grpc.framework",
				"${TARGET_BUILD_DIR}/${FRAMEWORKS_FOLDER_PATH}/GTMSessionFetcher.framework",
				"${TARGET_BUILD_DIR}/${FRAMEWORKS_FOLDER_PATH}/GoogleUtilities.framework",
				"${TARGET_BUILD_DIR}/${FRAMEWORKS_FOLDER_PATH}/IQKeyboardManagerSwift.framework",
				"${TARGET_BUILD_DIR}/${FRAMEWORKS_FOLDER_PATH}/Kingfisher.framework",
				"${TARGET_BUILD_DIR}/${FRAMEWORKS_FOLDER_PATH}/protobuf.framework",
				"${TARGET_BUILD_DIR}/${FRAMEWORKS_FOLDER_PATH}/grpcpp.framework",
				"${TARGET_BUILD_DIR}/${FRAMEWORKS_FOLDER_PATH}/grpc.framework",
				"${TARGET_BUILD_DIR}/${FRAMEWORKS_FOLDER_PATH}/leveldb.framework",
				"${TARGET_BUILD_DIR}/${FRAMEWORKS_FOLDER_PATH}/nanopb.framework",
			);
			runOnlyForDeploymentPostprocessing = 0;
			shellPath = /bin/sh;
			shellScript = "\"${PODS_ROOT}/Target Support Files/Pods-ECommerceApp/Pods-ECommerceApp-frameworks.sh\"\n";
			showEnvVarsInLog = 0;
		};
		AE4C26EA3A8D323D3679364A /* [CP] Embed Pods Frameworks */ = {
			isa = PBXShellScriptBuildPhase;
			buildActionMask = 2147483647;
			files = (
			);
			inputFileListPaths = (
			);
			inputPaths = (
				"${PODS_ROOT}/Target Support Files/Pods-ECommerceAppAdmin/Pods-ECommerceAppAdmin-frameworks.sh",
				"${BUILT_PRODUCTS_DIR}/BoringSSL-GRPC/openssl_grpc.framework",
				"${BUILT_PRODUCTS_DIR}/GTMSessionFetcher/GTMSessionFetcher.framework",
				"${BUILT_PRODUCTS_DIR}/GoogleUtilities/GoogleUtilities.framework",
				"${BUILT_PRODUCTS_DIR}/IQKeyboardManagerSwift/IQKeyboardManagerSwift.framework",
				"${BUILT_PRODUCTS_DIR}/Kingfisher/Kingfisher.framework",
				"${BUILT_PRODUCTS_DIR}/Protobuf/protobuf.framework",
				"${BUILT_PRODUCTS_DIR}/gRPC-C++/grpcpp.framework",
				"${BUILT_PRODUCTS_DIR}/gRPC-Core/grpc.framework",
				"${BUILT_PRODUCTS_DIR}/leveldb-library/leveldb.framework",
				"${BUILT_PRODUCTS_DIR}/nanopb/nanopb.framework",
			);
			name = "[CP] Embed Pods Frameworks";
			outputFileListPaths = (
			);
			outputPaths = (
				"${TARGET_BUILD_DIR}/${FRAMEWORKS_FOLDER_PATH}/openssl_grpc.framework",
				"${TARGET_BUILD_DIR}/${FRAMEWORKS_FOLDER_PATH}/GTMSessionFetcher.framework",
				"${TARGET_BUILD_DIR}/${FRAMEWORKS_FOLDER_PATH}/GoogleUtilities.framework",
				"${TARGET_BUILD_DIR}/${FRAMEWORKS_FOLDER_PATH}/IQKeyboardManagerSwift.framework",
				"${TARGET_BUILD_DIR}/${FRAMEWORKS_FOLDER_PATH}/Kingfisher.framework",
				"${TARGET_BUILD_DIR}/${FRAMEWORKS_FOLDER_PATH}/protobuf.framework",
				"${TARGET_BUILD_DIR}/${FRAMEWORKS_FOLDER_PATH}/grpcpp.framework",
				"${TARGET_BUILD_DIR}/${FRAMEWORKS_FOLDER_PATH}/grpc.framework",
				"${TARGET_BUILD_DIR}/${FRAMEWORKS_FOLDER_PATH}/leveldb.framework",
				"${TARGET_BUILD_DIR}/${FRAMEWORKS_FOLDER_PATH}/nanopb.framework",
			);
			runOnlyForDeploymentPostprocessing = 0;
			shellPath = /bin/sh;
			shellScript = "\"${PODS_ROOT}/Target Support Files/Pods-ECommerceAppAdmin/Pods-ECommerceAppAdmin-frameworks.sh\"\n";
			showEnvVarsInLog = 0;
		};
		CFC53910554F479ED0864473 /* [CP] Check Pods Manifest.lock */ = {
			isa = PBXShellScriptBuildPhase;
			buildActionMask = 2147483647;
			files = (
			);
			inputFileListPaths = (
			);
			inputPaths = (
				"${PODS_PODFILE_DIR_PATH}/Podfile.lock",
				"${PODS_ROOT}/Manifest.lock",
			);
			name = "[CP] Check Pods Manifest.lock";
			outputFileListPaths = (
			);
			outputPaths = (
				"$(DERIVED_FILE_DIR)/Pods-ECommerceAppAdmin-checkManifestLockResult.txt",
			);
			runOnlyForDeploymentPostprocessing = 0;
			shellPath = /bin/sh;
			shellScript = "diff \"${PODS_PODFILE_DIR_PATH}/Podfile.lock\" \"${PODS_ROOT}/Manifest.lock\" > /dev/null\nif [ $? != 0 ] ; then\n    # print error to STDERR\n    echo \"error: The sandbox is not in sync with the Podfile.lock. Run 'pod install' or update your CocoaPods installation.\" >&2\n    exit 1\nfi\n# This output is used by Xcode 'outputs' to avoid re-running this script phase.\necho \"SUCCESS\" > \"${SCRIPT_OUTPUT_FILE_0}\"\n";
			showEnvVarsInLog = 0;
		};
		E7CFFD1CEAA0F197ED9D4E5C /* [CP] Check Pods Manifest.lock */ = {
			isa = PBXShellScriptBuildPhase;
			buildActionMask = 2147483647;
			files = (
			);
			inputFileListPaths = (
			);
			inputPaths = (
				"${PODS_PODFILE_DIR_PATH}/Podfile.lock",
				"${PODS_ROOT}/Manifest.lock",
			);
			name = "[CP] Check Pods Manifest.lock";
			outputFileListPaths = (
			);
			outputPaths = (
				"$(DERIVED_FILE_DIR)/Pods-ECommerceApp-checkManifestLockResult.txt",
			);
			runOnlyForDeploymentPostprocessing = 0;
			shellPath = /bin/sh;
			shellScript = "diff \"${PODS_PODFILE_DIR_PATH}/Podfile.lock\" \"${PODS_ROOT}/Manifest.lock\" > /dev/null\nif [ $? != 0 ] ; then\n    # print error to STDERR\n    echo \"error: The sandbox is not in sync with the Podfile.lock. Run 'pod install' or update your CocoaPods installation.\" >&2\n    exit 1\nfi\n# This output is used by Xcode 'outputs' to avoid re-running this script phase.\necho \"SUCCESS\" > \"${SCRIPT_OUTPUT_FILE_0}\"\n";
			showEnvVarsInLog = 0;
		};
/* End PBXShellScriptBuildPhase section */

/* Begin PBXSourcesBuildPhase section */
		D13315BC234ADA8600869F8F /* Sources */ = {
			isa = PBXSourcesBuildPhase;
			buildActionMask = 2147483647;
			files = (
				D16594E2234D5ABE00086CB2 /* Firebase+Utils.swift in Sources */,
				D1BE2575234E1D8000539728 /* ProductDetailVC.swift in Sources */,
				D16594E5234D68CD00086CB2 /* Category.swift in Sources */,
				D1ABCC41234B207F0017A6E7 /* Extensions.swift in Sources */,
				D13315C6234ADA8600869F8F /* HomeVC.swift in Sources */,
				D1ABCC3E234B1A4D0017A6E7 /* RegisterVC.swift in Sources */,
				D1BE256F234D82B700539728 /* ProductCell.swift in Sources */,
				D13315C4234ADA8600869F8F /* AppDelegate.swift in Sources */,
				D1ABCC46234B2C630017A6E7 /* RoundedViews.swift in Sources */,
				D1ABCC3C234B1A350017A6E7 /* LoginVC.swift in Sources */,
				D1BE2568234D815400539728 /* ProductsVC.swift in Sources */,
				D16594DF234D4B1400086CB2 /* ForgotPasswordVC.swift in Sources */,
				D1ABCC43234B27F80017A6E7 /* Constants.swift in Sources */,
				D16594E9234D698400086CB2 /* CategoryCell.swift in Sources */,
				D1BE256B234D81C400539728 /* Product.swift in Sources */,
			);
			runOnlyForDeploymentPostprocessing = 0;
		};
		D13315D5234ADAC500869F8F /* Sources */ = {
			isa = PBXSourcesBuildPhase;
			buildActionMask = 2147483647;
			files = (
				D16594E3234D5BF000086CB2 /* Firebase+Utils.swift in Sources */,
				D17CCD21234EB43400E19BF7 /* ProductDetailVC.swift in Sources */,
				D13315DE234ADAC500869F8F /* AdminHomeVC.swift in Sources */,
				D1BE2569234D815E00539728 /* ProductsVC.swift in Sources */,
				D17CCD23234EB47E00E19BF7 /* RoundedViews.swift in Sources */,
				D17CCD1E234EB30D00E19BF7 /* HomeVC.swift in Sources */,
				D13315DC234ADAC500869F8F /* AppDelegate.swift in Sources */,
				D1FCDD21234F21E20040C132 /* AdminProductsVC.swift in Sources */,
				D17CCD1F234EB41300E19BF7 /* Constants.swift in Sources */,
				D17CCD25234EB6B500E19BF7 /* AddEditCategoryVC.swift in Sources */,
				D16594E6234D68CD00086CB2 /* Category.swift in Sources */,
				D1BE2570234D82B700539728 /* ProductCell.swift in Sources */,
				D16594EA234D698400086CB2 /* CategoryCell.swift in Sources */,
				D17CCD20234EB41C00E19BF7 /* Extensions.swift in Sources */,
				D1FCDD23234F25E00040C132 /* AddEditProductsVC.swift in Sources */,
				D1BE256C234D81C400539728 /* Product.swift in Sources */,
			);
			runOnlyForDeploymentPostprocessing = 0;
		};
/* End PBXSourcesBuildPhase section */

/* Begin PBXVariantGroup section */
		D13315C7234ADA8600869F8F /* Main.storyboard */ = {
			isa = PBXVariantGroup;
			children = (
				D13315C8234ADA8600869F8F /* Base */,
			);
			name = Main.storyboard;
			sourceTree = "<group>";
		};
		D13315CC234ADA8800869F8F /* LaunchScreen.storyboard */ = {
			isa = PBXVariantGroup;
			children = (
				D13315CD234ADA8800869F8F /* Base */,
			);
			name = LaunchScreen.storyboard;
			sourceTree = "<group>";
		};
		D13315DF234ADAC500869F8F /* Main.storyboard */ = {
			isa = PBXVariantGroup;
			children = (
				D13315E0234ADAC500869F8F /* Base */,
			);
			name = Main.storyboard;
			sourceTree = "<group>";
		};
		D13315E4234ADAC600869F8F /* LaunchScreen.storyboard */ = {
			isa = PBXVariantGroup;
			children = (
				D13315E5234ADAC600869F8F /* Base */,
			);
			name = LaunchScreen.storyboard;
			sourceTree = "<group>";
		};
/* End PBXVariantGroup section */

/* Begin XCBuildConfiguration section */
		D13315D0234ADA8800869F8F /* Debug */ = {
			isa = XCBuildConfiguration;
			buildSettings = {
				ALWAYS_SEARCH_USER_PATHS = NO;
				CLANG_ANALYZER_NONNULL = YES;
				CLANG_ANALYZER_NUMBER_OBJECT_CONVERSION = YES_AGGRESSIVE;
				CLANG_CXX_LANGUAGE_STANDARD = "gnu++14";
				CLANG_CXX_LIBRARY = "libc++";
				CLANG_ENABLE_MODULES = YES;
				CLANG_ENABLE_OBJC_ARC = YES;
				CLANG_ENABLE_OBJC_WEAK = YES;
				CLANG_WARN_BLOCK_CAPTURE_AUTORELEASING = YES;
				CLANG_WARN_BOOL_CONVERSION = YES;
				CLANG_WARN_COMMA = YES;
				CLANG_WARN_CONSTANT_CONVERSION = YES;
				CLANG_WARN_DEPRECATED_OBJC_IMPLEMENTATIONS = YES;
				CLANG_WARN_DIRECT_OBJC_ISA_USAGE = YES_ERROR;
				CLANG_WARN_DOCUMENTATION_COMMENTS = YES;
				CLANG_WARN_EMPTY_BODY = YES;
				CLANG_WARN_ENUM_CONVERSION = YES;
				CLANG_WARN_INFINITE_RECURSION = YES;
				CLANG_WARN_INT_CONVERSION = YES;
				CLANG_WARN_NON_LITERAL_NULL_CONVERSION = YES;
				CLANG_WARN_OBJC_IMPLICIT_RETAIN_SELF = YES;
				CLANG_WARN_OBJC_LITERAL_CONVERSION = YES;
				CLANG_WARN_OBJC_ROOT_CLASS = YES_ERROR;
				CLANG_WARN_RANGE_LOOP_ANALYSIS = YES;
				CLANG_WARN_STRICT_PROTOTYPES = YES;
				CLANG_WARN_SUSPICIOUS_MOVE = YES;
				CLANG_WARN_UNGUARDED_AVAILABILITY = YES_AGGRESSIVE;
				CLANG_WARN_UNREACHABLE_CODE = YES;
				CLANG_WARN__DUPLICATE_METHOD_MATCH = YES;
				CODE_SIGN_IDENTITY = "iPhone Developer";
				COPY_PHASE_STRIP = NO;
				DEBUG_INFORMATION_FORMAT = dwarf;
				ENABLE_STRICT_OBJC_MSGSEND = YES;
				ENABLE_TESTABILITY = YES;
				GCC_C_LANGUAGE_STANDARD = gnu11;
				GCC_DYNAMIC_NO_PIC = NO;
				GCC_NO_COMMON_BLOCKS = YES;
				GCC_OPTIMIZATION_LEVEL = 0;
				GCC_PREPROCESSOR_DEFINITIONS = (
					"DEBUG=1",
					"$(inherited)",
				);
				GCC_WARN_64_TO_32_BIT_CONVERSION = YES;
				GCC_WARN_ABOUT_RETURN_TYPE = YES_ERROR;
				GCC_WARN_UNDECLARED_SELECTOR = YES;
				GCC_WARN_UNINITIALIZED_AUTOS = YES_AGGRESSIVE;
				GCC_WARN_UNUSED_FUNCTION = YES;
				GCC_WARN_UNUSED_VARIABLE = YES;
				IPHONEOS_DEPLOYMENT_TARGET = 12.4;
				MTL_ENABLE_DEBUG_INFO = INCLUDE_SOURCE;
				MTL_FAST_MATH = YES;
				ONLY_ACTIVE_ARCH = YES;
				SDKROOT = iphoneos;
				SWIFT_ACTIVE_COMPILATION_CONDITIONS = DEBUG;
				SWIFT_OPTIMIZATION_LEVEL = "-Onone";
			};
			name = Debug;
		};
		D13315D1234ADA8800869F8F /* Release */ = {
			isa = XCBuildConfiguration;
			buildSettings = {
				ALWAYS_SEARCH_USER_PATHS = NO;
				CLANG_ANALYZER_NONNULL = YES;
				CLANG_ANALYZER_NUMBER_OBJECT_CONVERSION = YES_AGGRESSIVE;
				CLANG_CXX_LANGUAGE_STANDARD = "gnu++14";
				CLANG_CXX_LIBRARY = "libc++";
				CLANG_ENABLE_MODULES = YES;
				CLANG_ENABLE_OBJC_ARC = YES;
				CLANG_ENABLE_OBJC_WEAK = YES;
				CLANG_WARN_BLOCK_CAPTURE_AUTORELEASING = YES;
				CLANG_WARN_BOOL_CONVERSION = YES;
				CLANG_WARN_COMMA = YES;
				CLANG_WARN_CONSTANT_CONVERSION = YES;
				CLANG_WARN_DEPRECATED_OBJC_IMPLEMENTATIONS = YES;
				CLANG_WARN_DIRECT_OBJC_ISA_USAGE = YES_ERROR;
				CLANG_WARN_DOCUMENTATION_COMMENTS = YES;
				CLANG_WARN_EMPTY_BODY = YES;
				CLANG_WARN_ENUM_CONVERSION = YES;
				CLANG_WARN_INFINITE_RECURSION = YES;
				CLANG_WARN_INT_CONVERSION = YES;
				CLANG_WARN_NON_LITERAL_NULL_CONVERSION = YES;
				CLANG_WARN_OBJC_IMPLICIT_RETAIN_SELF = YES;
				CLANG_WARN_OBJC_LITERAL_CONVERSION = YES;
				CLANG_WARN_OBJC_ROOT_CLASS = YES_ERROR;
				CLANG_WARN_RANGE_LOOP_ANALYSIS = YES;
				CLANG_WARN_STRICT_PROTOTYPES = YES;
				CLANG_WARN_SUSPICIOUS_MOVE = YES;
				CLANG_WARN_UNGUARDED_AVAILABILITY = YES_AGGRESSIVE;
				CLANG_WARN_UNREACHABLE_CODE = YES;
				CLANG_WARN__DUPLICATE_METHOD_MATCH = YES;
				CODE_SIGN_IDENTITY = "iPhone Developer";
				COPY_PHASE_STRIP = NO;
				DEBUG_INFORMATION_FORMAT = "dwarf-with-dsym";
				ENABLE_NS_ASSERTIONS = NO;
				ENABLE_STRICT_OBJC_MSGSEND = YES;
				GCC_C_LANGUAGE_STANDARD = gnu11;
				GCC_NO_COMMON_BLOCKS = YES;
				GCC_WARN_64_TO_32_BIT_CONVERSION = YES;
				GCC_WARN_ABOUT_RETURN_TYPE = YES_ERROR;
				GCC_WARN_UNDECLARED_SELECTOR = YES;
				GCC_WARN_UNINITIALIZED_AUTOS = YES_AGGRESSIVE;
				GCC_WARN_UNUSED_FUNCTION = YES;
				GCC_WARN_UNUSED_VARIABLE = YES;
				IPHONEOS_DEPLOYMENT_TARGET = 12.4;
				MTL_ENABLE_DEBUG_INFO = NO;
				MTL_FAST_MATH = YES;
				SDKROOT = iphoneos;
				SWIFT_COMPILATION_MODE = wholemodule;
				SWIFT_OPTIMIZATION_LEVEL = "-O";
				VALIDATE_PRODUCT = YES;
			};
			name = Release;
		};
		D13315D3234ADA8800869F8F /* Debug */ = {
			isa = XCBuildConfiguration;
			baseConfigurationReference = C3B943C50DE220F9DBAFA375 /* Pods-ECommerceApp.debug.xcconfig */;
			buildSettings = {
				ASSETCATALOG_COMPILER_APPICON_NAME = AppIcon;
				CODE_SIGN_STYLE = Automatic;
				DEVELOPMENT_TEAM = DCYC29YYSD;
				INFOPLIST_FILE = ECommerceApp/Info.plist;
				IPHONEOS_DEPLOYMENT_TARGET = 10.0;
				LD_RUNPATH_SEARCH_PATHS = (
					"$(inherited)",
					"@executable_path/Frameworks",
				);
				PRODUCT_BUNDLE_IDENTIFIER = com.yoheiterashima.ECommerceApp;
				PRODUCT_NAME = "$(TARGET_NAME)";
				SWIFT_VERSION = 5.0;
				TARGETED_DEVICE_FAMILY = "1,2";
			};
			name = Debug;
		};
		D13315D4234ADA8800869F8F /* Release */ = {
			isa = XCBuildConfiguration;
			baseConfigurationReference = 078C3EC21EBD7DFBBC52EB93 /* Pods-ECommerceApp.release.xcconfig */;
			buildSettings = {
				ASSETCATALOG_COMPILER_APPICON_NAME = AppIcon;
				CODE_SIGN_STYLE = Automatic;
				DEVELOPMENT_TEAM = DCYC29YYSD;
				INFOPLIST_FILE = ECommerceApp/Info.plist;
				IPHONEOS_DEPLOYMENT_TARGET = 10.0;
				LD_RUNPATH_SEARCH_PATHS = (
					"$(inherited)",
					"@executable_path/Frameworks",
				);
				PRODUCT_BUNDLE_IDENTIFIER = com.yoheiterashima.ECommerceApp;
				PRODUCT_NAME = "$(TARGET_NAME)";
				SWIFT_VERSION = 5.0;
				TARGETED_DEVICE_FAMILY = "1,2";
			};
			name = Release;
		};
		D13315E9234ADAC600869F8F /* Debug */ = {
			isa = XCBuildConfiguration;
			baseConfigurationReference = 63E58A56D8D182E1037D728B /* Pods-ECommerceAppAdmin.debug.xcconfig */;
			buildSettings = {
				ASSETCATALOG_COMPILER_APPICON_NAME = AppIcon;
				CODE_SIGN_STYLE = Automatic;
				DEVELOPMENT_TEAM = DCYC29YYSD;
				INFOPLIST_FILE = ECommerceAppAdmin/Info.plist;
				IPHONEOS_DEPLOYMENT_TARGET = 10.0;
				LD_RUNPATH_SEARCH_PATHS = (
					"$(inherited)",
					"@executable_path/Frameworks",
				);
				PRODUCT_BUNDLE_IDENTIFIER = com.yoheiterashima.ECommerceAppAdmin;
				PRODUCT_NAME = "$(TARGET_NAME)";
				SWIFT_VERSION = 5.0;
				TARGETED_DEVICE_FAMILY = "1,2";
			};
			name = Debug;
		};
		D13315EA234ADAC600869F8F /* Release */ = {
			isa = XCBuildConfiguration;
			baseConfigurationReference = BF61F2093693A8DAAC02FFBA /* Pods-ECommerceAppAdmin.release.xcconfig */;
			buildSettings = {
				ASSETCATALOG_COMPILER_APPICON_NAME = AppIcon;
				CODE_SIGN_STYLE = Automatic;
				DEVELOPMENT_TEAM = DCYC29YYSD;
				INFOPLIST_FILE = ECommerceAppAdmin/Info.plist;
				IPHONEOS_DEPLOYMENT_TARGET = 10.0;
				LD_RUNPATH_SEARCH_PATHS = (
					"$(inherited)",
					"@executable_path/Frameworks",
				);
				PRODUCT_BUNDLE_IDENTIFIER = com.yoheiterashima.ECommerceAppAdmin;
				PRODUCT_NAME = "$(TARGET_NAME)";
				SWIFT_VERSION = 5.0;
				TARGETED_DEVICE_FAMILY = "1,2";
			};
			name = Release;
		};
/* End XCBuildConfiguration section */

/* Begin XCConfigurationList section */
		D13315BB234ADA8600869F8F /* Build configuration list for PBXProject "ECommerceApp" */ = {
			isa = XCConfigurationList;
			buildConfigurations = (
				D13315D0234ADA8800869F8F /* Debug */,
				D13315D1234ADA8800869F8F /* Release */,
			);
			defaultConfigurationIsVisible = 0;
			defaultConfigurationName = Release;
		};
		D13315D2234ADA8800869F8F /* Build configuration list for PBXNativeTarget "ECommerceApp" */ = {
			isa = XCConfigurationList;
			buildConfigurations = (
				D13315D3234ADA8800869F8F /* Debug */,
				D13315D4234ADA8800869F8F /* Release */,
			);
			defaultConfigurationIsVisible = 0;
			defaultConfigurationName = Release;
		};
		D13315E8234ADAC600869F8F /* Build configuration list for PBXNativeTarget "ECommerceAppAdmin" */ = {
			isa = XCConfigurationList;
			buildConfigurations = (
				D13315E9234ADAC600869F8F /* Debug */,
				D13315EA234ADAC600869F8F /* Release */,
			);
			defaultConfigurationIsVisible = 0;
			defaultConfigurationName = Release;
		};
/* End XCConfigurationList section */
	};
	rootObject = D13315B8234ADA8600869F8F /* Project object */;
}
